filippo.io/mldsa v0.0.0-20260215214346-43d0283efc3e h1:VsUbObBMxXlc23Eb9VeeJYE4jvTs87qa5RqSN2U5FJU=
filippo.io/mldsa v0.0.0-20260215214346-43d0283efc3e/go.mod h1:32qQ5yj3R24Eu03iWFWchdC3OB653wPvoepWejkefbY=
golang.org/x/crypto v0.50.0 h1:zO47/JPrL6vsNkINmLoo/PH1gcxpls50DNogFvB5ZGI=
golang.org/x/crypto v0.50.0/go.mod h1:3muZ7vA7PBCE6xgPX7nkzzjiUq87kRItoJQM1Yo8S+Q=
golang.org/x/sys v0.43.0 h1:Rlag2XtaFTxp19wS8MXlJwTvoh8ArU6ezoyFsMyCTNI=
golang.org/x/sys v0.43.0/go.mod h1:4GL1E5IUh+htKOUEOaiffhrAeqysfVGipDYzABqnCmw=
